// !$*UTF8*$!
{
	archiveVersion = 1;
	classes = {
	};
	objectVersion = 46;
	objects = {

/* Begin PBXBuildFile section */
		7B34D01C1E3050D000DF4013 /* main.m in Sources */ = {isa = PBXBuildFile; fileRef = 7B34D01B1E3050D000DF4013 /* main.m */; };
		7B34D01F1E3050D000DF4013 /* AppDelegate.m in Sources */ = {isa = PBXBuildFile; fileRef = 7B34D01E1E3050D000DF4013 /* AppDelegate.m */; };
		7B34D0251E3050D000DF4013 /* Main.storyboard in Resources */ = {isa = PBXBuildFile; fileRef = 7B34D0231E3050D000DF4013 /* Main.storyboard */; };
		7B34D0271E3050D000DF4013 /* Assets.xcassets in Resources */ = {isa = PBXBuildFile; fileRef = 7B34D0261E3050D000DF4013 /* Assets.xcassets */; };
		7B34D02A1E3050D000DF4013 /* LaunchScreen.storyboard in Resources */ = {isa = PBXBuildFile; fileRef = 7B34D0281E3050D000DF4013 /* LaunchScreen.storyboard */; };
		7B34D0351E3050D100DF4013 /* PopularMoviesTests.m in Sources */ = {isa = PBXBuildFile; fileRef = 7B34D0341E3050D100DF4013 /* PopularMoviesTests.m */; };
		7B34D0411E30545500DF4013 /* ViewController.m in Sources */ = {isa = PBXBuildFile; fileRef = 7B34D0401E30545500DF4013 /* ViewController.m */; };
		7B34D0421E30545500DF4013 /* ViewController.m in Sources */ = {isa = PBXBuildFile; fileRef = 7B34D0401E30545500DF4013 /* ViewController.m */; };
/* End PBXBuildFile section */

/* Begin PBXContainerItemProxy section */
		7B34D0311E3050D100DF4013 /* PBXContainerItemProxy */ = {
			isa = PBXContainerItemProxy;
			containerPortal = 7B34D00F1E3050D000DF4013 /* Project object */;
			proxyType = 1;
			remoteGlobalIDString = 7B34D0161E3050D000DF4013;
			remoteInfo = PopularMovies;
		};
/* End PBXContainerItemProxy section */

/* Begin PBXFileReference section */
		7B34D0171E3050D000DF4013 /* PopularMovies.app */ = {isa = PBXFileReference; explicitFileType = wrapper.application; includeInIndex = 0; path = PopularMovies.app; sourceTree = BUILT_PRODUCTS_DIR; };
		7B34D01B1E3050D000DF4013 /* main.m */ = {isa = PBXFileReference; lastKnownFileType = sourcecode.c.objc; path = main.m; sourceTree = "<group>"; };
		7B34D01D1E3050D000DF4013 /* AppDelegate.h */ = {isa = PBXFileReference; lastKnownFileType = sourcecode.c.h; path = AppDelegate.h; sourceTree = "<group>"; };
		7B34D01E1E3050D000DF4013 /* AppDelegate.m */ = {isa = PBXFileReference; lastKnownFileType = sourcecode.c.objc; path = AppDelegate.m; sourceTree = "<group>"; };
		7B34D0241E3050D000DF4013 /* Base */ = {isa = PBXFileReference; lastKnownFileType = file.storyboard; name = Base; path = Base.lproj/Main.storyboard; sourceTree = "<group>"; };
		7B34D0261E3050D000DF4013 /* Assets.xcassets */ = {isa = PBXFileReference; lastKnownFileType = folder.assetcatalog; path = Assets.xcassets; sourceTree = "<group>"; };
		7B34D0291E3050D000DF4013 /* Base */ = {isa = PBXFileReference; lastKnownFileType = file.storyboard; name = Base; path = Base.lproj/LaunchScreen.storyboard; sourceTree = "<group>"; };
		7B34D02B1E3050D000DF4013 /* Info.plist */ = {isa = PBXFileReference; lastKnownFileType = text.plist.xml; path = Info.plist; sourceTree = "<group>"; };
		7B34D0301E3050D100DF4013 /* PopularMoviesTests.xctest */ = {isa = PBXFileReference; explicitFileType = wrapper.cfbundle; includeInIndex = 0; path = PopularMoviesTests.xctest; sourceTree = BUILT_PRODUCTS_DIR; };
		7B34D0341E3050D100DF4013 /* PopularMoviesTests.m */ = {isa = PBXFileReference; lastKnownFileType = sourcecode.c.objc; path = PopularMoviesTests.m; sourceTree = "<group>"; };
		7B34D0361E3050D100DF4013 /* Info.plist */ = {isa = PBXFileReference; lastKnownFileType = text.plist.xml; path = Info.plist; sourceTree = "<group>"; };
		7B34D03F1E30545500DF4013 /* ViewController.h */ = {isa = PBXFileReference; fileEncoding = 4; lastKnownFileType = sourcecode.c.h; name = ViewController.h; path = Controller/ViewController.h; sourceTree = "<group>"; };
		7B34D0401E30545500DF4013 /* ViewController.m */ = {isa = PBXFileReference; fileEncoding = 4; lastKnownFileType = sourcecode.c.objc; name = ViewController.m; path = Controller/ViewController.m; sourceTree = "<group>"; };
/* End PBXFileReference section */

/* Begin PBXFrameworksBuildPhase section */
		7B34D0141E3050D000DF4013 /* Frameworks */ = {
			isa = PBXFrameworksBuildPhase;
			buildActionMask = 2147483647;
			files = (
			);
			runOnlyForDeploymentPostprocessing = 0;
		};
		7B34D02D1E3050D100DF4013 /* Frameworks */ = {
			isa = PBXFrameworksBuildPhase;
			buildActionMask = 2147483647;
			files = (
			);
			runOnlyForDeploymentPostprocessing = 0;
		};
/* End PBXFrameworksBuildPhase section */

/* Begin PBXGroup section */
		7B34D00E1E3050D000DF4013 = {
			isa = PBXGroup;
			children = (
				7B34D0191E3050D000DF4013 /* PopularMovies */,
				7B34D0331E3050D100DF4013 /* PopularMoviesTests */,
				7B34D0181E3050D000DF4013 /* Products */,
			);
			sourceTree = "<group>";
		};
		7B34D0181E3050D000DF4013 /* Products */ = {
			isa = PBXGroup;
			children = (
				7B34D0171E3050D000DF4013 /* PopularMovies.app */,
				7B34D0301E3050D100DF4013 /* PopularMoviesTests.xctest */,
			);
			name = Products;
			sourceTree = "<group>";
		};
		7B34D0191E3050D000DF4013 /* PopularMovies */ = {
			isa = PBXGroup;
			children = (
				7B34D0431E30545D00DF4013 /* AppDelegate */,
				7B34D0441E30546900DF4013 /* Controller */,
				7B34D0451E30547900DF4013 /* Storyboard */,
				7B34D01A1E3050D000DF4013 /* Supporting Files */,
			);
			path = PopularMovies;
			sourceTree = "<group>";
		};
		7B34D01A1E3050D000DF4013 /* Supporting Files */ = {
			isa = PBXGroup;
			children = (
				7B34D0261E3050D000DF4013 /* Assets.xcassets */,
				7B34D02B1E3050D000DF4013 /* Info.plist */,
				7B34D01B1E3050D000DF4013 /* main.m */,
			);
			name = "Supporting Files";
			sourceTree = "<group>";
		};
		7B34D0331E3050D100DF4013 /* PopularMoviesTests */ = {
			isa = PBXGroup;
			children = (
				7B34D0341E3050D100DF4013 /* PopularMoviesTests.m */,
				7B34D0361E3050D100DF4013 /* Info.plist */,
			);
			path = PopularMoviesTests;
			sourceTree = "<group>";
		};
		7B34D0431E30545D00DF4013 /* AppDelegate */ = {
			isa = PBXGroup;
			children = (
				7B34D01D1E3050D000DF4013 /* AppDelegate.h */,
				7B34D01E1E3050D000DF4013 /* AppDelegate.m */,
			);
			name = AppDelegate;
			sourceTree = "<group>";
		};
		7B34D0441E30546900DF4013 /* Controller */ = {
			isa = PBXGroup;
			children = (
				7B34D03F1E30545500DF4013 /* ViewController.h */,
				7B34D0401E30545500DF4013 /* ViewController.m */,
			);
			name = Controller;
			sourceTree = "<group>";
		};
		7B34D0451E30547900DF4013 /* Storyboard */ = {
			isa = PBXGroup;
			children = (
				7B34D0281E3050D000DF4013 /* LaunchScreen.storyboard */,
				7B34D0231E3050D000DF4013 /* Main.storyboard */,
			);
			name = Storyboard;
			sourceTree = "<group>";
		};
/* End PBXGroup section */

/* Begin PBXNativeTarget section */
		7B34D0161E3050D000DF4013 /* PopularMovies */ = {
			isa = PBXNativeTarget;
			buildConfigurationList = 7B34D0391E3050D100DF4013 /* Build configuration list for PBXNativeTarget "PopularMovies" */;
			buildPhases = (
				7B34D0131E3050D000DF4013 /* Sources */,
				7B34D0141E3050D000DF4013 /* Frameworks */,
				7B34D0151E3050D000DF4013 /* Resources */,
			);
			buildRules = (
			);
			dependencies = (
			);
			name = PopularMovies;
			productName = PopularMovies;
			productReference = 7B34D0171E3050D000DF4013 /* PopularMovies.app */;
			productType = "com.apple.product-type.application";
		};
		7B34D02F1E3050D100DF4013 /* PopularMoviesTests */ = {
			isa = PBXNativeTarget;
			buildConfigurationList = 7B34D03C1E3050D100DF4013 /* Build configuration list for PBXNativeTarget "PopularMoviesTests" */;
			buildPhases = (
				7B34D02C1E3050D100DF4013 /* Sources */,
				7B34D02D1E3050D100DF4013 /* Frameworks */,
				7B34D02E1E3050D100DF4013 /* Resources */,
			);
			buildRules = (
			);
			dependencies = (
				7B34D0321E3050D100DF4013 /* PBXTargetDependency */,
			);
			name = PopularMoviesTests;
			productName = PopularMoviesTests;
			productReference = 7B34D0301E3050D100DF4013 /* PopularMoviesTests.xctest */;
			productType = "com.apple.product-type.bundle.unit-test";
		};
/* End PBXNativeTarget section */

/* Begin PBXProject section */
		7B34D00F1E3050D000DF4013 /* Project object */ = {
			isa = PBXProject;
			attributes = {
				LastUpgradeCheck = 0820;
				ORGANIZATIONNAME = "Jhonathan Wyterlin";
				TargetAttributes = {
					7B34D0161E3050D000DF4013 = {
						CreatedOnToolsVersion = 8.2.1;
						DevelopmentTeam = 4SYCR8M2FN;
						ProvisioningStyle = Automatic;
					};
					7B34D02F1E3050D100DF4013 = {
						CreatedOnToolsVersion = 8.2.1;
						DevelopmentTeam = 4SYCR8M2FN;
						ProvisioningStyle = Automatic;
						TestTargetID = 7B34D0161E3050D000DF4013;
					};
				};
			};
			buildConfigurationList = 7B34D0121E3050D000DF4013 /* Build configuration list for PBXProject "PopularMovies" */;
			compatibilityVersion = "Xcode 3.2";
			developmentRegion = English;
			hasScannedForEncodings = 0;
			knownRegions = (
				en,
				Base,
			);
			mainGroup = 7B34D00E1E3050D000DF4013;
			productRefGroup = 7B34D0181E3050D000DF4013 /* Products */;
			projectDirPath = "";
			projectRoot = "";
			targets = (
				7B34D0161E3050D000DF4013 /* PopularMovies */,
				7B34D02F1E3050D100DF4013 /* PopularMoviesTests */,
			);
		};
/* End PBXProject section */

/* Begin PBXResourcesBuildPhase section */
		7B34D0151E3050D000DF4013 /* Resources */ = {
			isa = PBXResourcesBuildPhase;
			buildActionMask = 2147483647;
			files = (
				7B34D02A1E3050D000DF4013 /* LaunchScreen.storyboard in Resources */,
				7B34D0271E3050D000DF4013 /* Assets.xcassets in Resources */,
				7B34D0251E3050D000DF4013 /* Main.storyboard in Resources */,
			);
			runOnlyForDeploymentPostprocessing = 0;
		};
		7B34D02E1E3050D100DF4013 /* Resources */ = {
			isa = PBXResourcesBuildPhase;
			buildActionMask = 2147483647;
			files = (
			);
			runOnlyForDeploymentPostprocessing = 0;
		};
/* End PBXResourcesBuildPhase section */

/* Begin PBXSourcesBuildPhase section */
		7B34D0131E3050D000DF4013 /* Sources */ = {
			isa = PBXSourcesBuildPhase;
			buildActionMask = 2147483647;
			files = (
				7B34D01F1E3050D000DF4013 /* AppDelegate.m in Sources */,
				7B34D0411E30545500DF4013 /* ViewController.m in Sources */,
				7B34D01C1E3050D000DF4013 /* main.m in Sources */,
			);
			runOnlyForDeploymentPostprocessing = 0;
		};
		7B34D02C1E3050D100DF4013 /* Sources */ = {
			isa = PBXSourcesBuildPhase;
			buildActionMask = 2147483647;
			files = (
				7B34D0421E30545500DF4013 /* ViewController.m in Sources */,
				7B34D0351E3050D100DF4013 /* PopularMoviesTests.m in Sources */,
			);
			runOnlyForDeploymentPostprocessing = 0;
		};
/* End PBXSourcesBuildPhase section */

/* Begin PBXTargetDependency section */
		7B34D0321E3050D100DF4013 /* PBXTargetDependency */ = {
			isa = PBXTargetDependency;
			target = 7B34D0161E3050D000DF4013 /* PopularMovies */;
			targetProxy = 7B34D0311E3050D100DF4013 /* PBXContainerItemProxy */;
		};
/* End PBXTargetDependency section */

/* Begin PBXVariantGroup section */
		7B34D0231E3050D000DF4013 /* Main.storyboard */ = {
			isa = PBXVariantGroup;
			children = (
				7B34D0241E3050D000DF4013 /* Base */,
			);
			name = Main.storyboard;
			sourceTree = "<group>";
		};
		7B34D0281E3050D000DF4013 /* LaunchScreen.storyboard */ = {
			isa = PBXVariantGroup;
			children = (
				7B34D0291E3050D000DF4013 /* Base */,
			);
			name = LaunchScreen.storyboard;
			sourceTree = "<group>";
		};
/* End PBXVariantGroup section */

/* Begin XCBuildConfiguration section */
		7B34D0371E3050D100DF4013 /* Debug */ = {
			isa = XCBuildConfiguration;
			buildSettings = {
				ALWAYS_SEARCH_USER_PATHS = NO;
				CLANG_ANALYZER_NONNULL = YES;
				CLANG_CXX_LANGUAGE_STANDARD = "gnu++0x";
				CLANG_CXX_LIBRARY = "libc++";
				CLANG_ENABLE_MODULES = YES;
				CLANG_ENABLE_OBJC_ARC = YES;
				CLANG_WARN_BOOL_CONVERSION = YES;
				CLANG_WARN_CONSTANT_CONVERSION = YES;
				CLANG_WARN_DIRECT_OBJC_ISA_USAGE = YES_ERROR;
				CLANG_WARN_DOCUMENTATION_COMMENTS = YES;
				CLANG_WARN_EMPTY_BODY = YES;
				CLANG_WARN_ENUM_CONVERSION = YES;
				CLANG_WARN_INFINITE_RECURSION = YES;
				CLANG_WARN_INT_CONVERSION = YES;
				CLANG_WARN_OBJC_ROOT_CLASS = YES_ERROR;
				CLANG_WARN_SUSPICIOUS_MOVE = YES;
				CLANG_WARN_UNREACHABLE_CODE = YES;
				CLANG_WARN__DUPLICATE_METHOD_MATCH = YES;
				"CODE_SIGN_IDENTITY[sdk=iphoneos*]" = "iPhone Developer";
				COPY_PHASE_STRIP = NO;
				DEBUG_INFORMATION_FORMAT = dwarf;
				ENABLE_STRICT_OBJC_MSGSEND = YES;
				ENABLE_TESTABILITY = YES;
				GCC_C_LANGUAGE_STANDARD = gnu99;
				GCC_DYNAMIC_NO_PIC = NO;
				GCC_NO_COMMON_BLOCKS = YES;
				GCC_OPTIMIZATION_LEVEL = 0;
				GCC_PREPROCESSOR_DEFINITIONS = (
					"DEBUG=1",
					"$(inherited)",
				);
				GCC_WARN_64_TO_32_BIT_CONVERSION = YES;
				GCC_WARN_ABOUT_RETURN_TYPE = YES_ERROR;
				GCC_WARN_UNDECLARED_SELECTOR = YES;
				GCC_WARN_UNINITIALIZED_AUTOS = YES_AGGRESSIVE;
				GCC_WARN_UNUSED_FUNCTION = YES;
				GCC_WARN_UNUSED_VARIABLE = YES;
				IPHONEOS_DEPLOYMENT_TARGET = 10.2;
				MTL_ENABLE_DEBUG_INFO = YES;
				ONLY_ACTIVE_ARCH = YES;
				SDKROOT = iphoneos;
				TARGETED_DEVICE_FAMILY = "1,2";
			};
			name = Debug;
		};
		7B34D0381E3050D100DF4013 /* Release */ = {
			isa = XCBuildConfiguration;
			buildSettings = {
				ALWAYS_SEARCH_USER_PATHS = NO;
				CLANG_ANALYZER_NONNULL = YES;
				CLANG_CXX_LANGUAGE_STANDARD = "gnu++0x";
				CLANG_CXX_LIBRARY = "libc++";
				CLANG_ENABLE_MODULES = YES;
				CLANG_ENABLE_OBJC_ARC = YES;
				CLANG_WARN_BOOL_CONVERSION = YES;
				CLANG_WARN_CONSTANT_CONVERSION = YES;
				CLANG_WARN_DIRECT_OBJC_ISA_USAGE = YES_ERROR;
				CLANG_WARN_DOCUMENTATION_COMMENTS = YES;
				CLANG_WARN_EMPTY_BODY = YES;
				CLANG_WARN_ENUM_CONVERSION = YES;
				CLANG_WARN_INFINITE_RECURSION = YES;
				CLANG_WARN_INT_CONVERSION = YES;
				CLANG_WARN_OBJC_ROOT_CLASS = YES_ERROR;
				CLANG_WARN_SUSPICIOUS_MOVE = YES;
				CLANG_WARN_UNREACHABLE_CODE = YES;
				CLANG_WARN__DUPLICATE_METHOD_MATCH = YES;
				"CODE_SIGN_IDENTITY[sdk=iphoneos*]" = "iPhone Developer";
				COPY_PHASE_STRIP = NO;
				DEBUG_INFORMATION_FORMAT = "dwarf-with-dsym";
				ENABLE_NS_ASSERTIONS = NO;
				ENABLE_STRICT_OBJC_MSGSEND = YES;
				GCC_C_LANGUAGE_STANDARD = gnu99;
				GCC_NO_COMMON_BLOCKS = YES;
				GCC_WARN_64_TO_32_BIT_CONVERSION = YES;
				GCC_WARN_ABOUT_RETURN_TYPE = YES_ERROR;
				GCC_WARN_UNDECLARED_SELECTOR = YES;
				GCC_WARN_UNINITIALIZED_AUTOS = YES_AGGRESSIVE;
				GCC_WARN_UNUSED_FUNCTION = YES;
				GCC_WARN_UNUSED_VARIABLE = YES;
				IPHONEOS_DEPLOYMENT_TARGET = 10.2;
				MTL_ENABLE_DEBUG_INFO = NO;
				SDKROOT = iphoneos;
				TARGETED_DEVICE_FAMILY = "1,2";
				VALIDATE_PRODUCT = YES;
			};
			name = Release;
		};
		7B34D03A1E3050D100DF4013 /* Debug */ = {
			isa = XCBuildConfiguration;
			buildSettings = {
				ASSETCATALOG_COMPILER_APPICON_NAME = AppIcon;
				DEVELOPMENT_TEAM = 4SYCR8M2FN;
				INFOPLIST_FILE = PopularMovies/Info.plist;
				LD_RUNPATH_SEARCH_PATHS = "$(inherited) @executable_path/Frameworks";
				PRODUCT_BUNDLE_IDENTIFIER = com.jhonathanwyterlin.PopularMovies;
				PRODUCT_NAME = "$(TARGET_NAME)";
			};
			name = Debug;
		};
		7B34D03B1E3050D100DF4013 /* Release */ = {
			isa = XCBuildConfiguration;
			buildSettings = {
				ASSETCATALOG_COMPILER_APPICON_NAME = AppIcon;
				DEVELOPMENT_TEAM = 4SYCR8M2FN;
				INFOPLIST_FILE = PopularMovies/Info.plist;
				LD_RUNPATH_SEARCH_PATHS = "$(inherited) @executable_path/Frameworks";
				PRODUCT_BUNDLE_IDENTIFIER = com.jhonathanwyterlin.PopularMovies;
				PRODUCT_NAME = "$(TARGET_NAME)";
			};
			name = Release;
		};
		7B34D03D1E3050D100DF4013 /* Debug */ = {
			isa = XCBuildConfiguration;
			buildSettings = {
				BUNDLE_LOADER = "$(TEST_HOST)";
				DEVELOPMENT_TEAM = 4SYCR8M2FN;
				INFOPLIST_FILE = PopularMoviesTests/Info.plist;
				LD_RUNPATH_SEARCH_PATHS = "$(inherited) @executable_path/Frameworks @loader_path/Frameworks";
				PRODUCT_BUNDLE_IDENTIFIER = com.jhonathanwyterlin.PopularMoviesTests;
				PRODUCT_NAME = "$(TARGET_NAME)";
				TEST_HOST = "$(BUILT_PRODUCTS_DIR)/PopularMovies.app/PopularMovies";
			};
			name = Debug;
		};
		7B34D03E1E3050D100DF4013 /* Release */ = {
			isa = XCBuildConfiguration;
			buildSettings = {
				BUNDLE_LOADER = "$(TEST_HOST)";
				DEVELOPMENT_TEAM = 4SYCR8M2FN;
				INFOPLIST_FILE = PopularMoviesTests/Info.plist;
				LD_RUNPATH_SEARCH_PATHS = "$(inherited) @executable_path/Frameworks @loader_path/Frameworks";
				PRODUCT_BUNDLE_IDENTIFIER = com.jhonathanwyterlin.PopularMoviesTests;
				PRODUCT_NAME = "$(TARGET_NAME)";
				TEST_HOST = "$(BUILT_PRODUCTS_DIR)/PopularMovies.app/PopularMovies";
			};
			name = Release;
		};
/* End XCBuildConfiguration section */

/* Begin XCConfigurationList section */
		7B34D0121E3050D000DF4013 /* Build configuration list for PBXProject "PopularMovies" */ = {
			isa = XCConfigurationList;
			buildConfigurations = (
				7B34D0371E3050D100DF4013 /* Debug */,
				7B34D0381E3050D100DF4013 /* Release */,
			);
			defaultConfigurationIsVisible = 0;
			defaultConfigurationName = Release;
		};
		7B34D0391E3050D100DF4013 /* Build configuration list for PBXNativeTarget "PopularMovies" */ = {
			isa = XCConfigurationList;
			buildConfigurations = (
				7B34D03A1E3050D100DF4013 /* Debug */,
				7B34D03B1E3050D100DF4013 /* Release */,
			);
			defaultConfigurationIsVisible = 0;
		};
		7B34D03C1E3050D100DF4013 /* Build configuration list for PBXNativeTarget "PopularMoviesTests" */ = {
			isa = XCConfigurationList;
			buildConfigurations = (
				7B34D03D1E3050D100DF4013 /* Debug */,
				7B34D03E1E3050D100DF4013 /* Release */,
			);
			defaultConfigurationIsVisible = 0;
		};
/* End XCConfigurationList section */
	};
	rootObject = 7B34D00F1E3050D000DF4013 /* Project object */;
}
