// !$*UTF8*$!
{
	archiveVersion = 1;
	classes = {
	};
	objectVersion = 46;
	objects = {

/* Begin PBXBuildFile section */
		3A053F1DFB614AC7B9FD83FB /* libPods-PopularMovies.a in Frameworks */ = {isa = PBXBuildFile; fileRef = D37DD61EEB372FEDAD529DD4 /* libPods-PopularMovies.a */; };
		7B02E78C1E307FFB006FDE50 /* MovieModel.m in Sources */ = {isa = PBXBuildFile; fileRef = 7B02E78B1E307FFB006FDE50 /* MovieModel.m */; };
		7B02E78D1E307FFB006FDE50 /* MovieModel.m in Sources */ = {isa = PBXBuildFile; fileRef = 7B02E78B1E307FFB006FDE50 /* MovieModel.m */; };
		7B02E7911E308116006FDE50 /* MoviePresenter.m in Sources */ = {isa = PBXBuildFile; fileRef = 7B02E7901E308116006FDE50 /* MoviePresenter.m */; };
		7B02E7921E308116006FDE50 /* MoviePresenter.m in Sources */ = {isa = PBXBuildFile; fileRef = 7B02E7901E308116006FDE50 /* MoviePresenter.m */; };
		7B02E7951E308B8E006FDE50 /* MoviePresenterTests.m in Sources */ = {isa = PBXBuildFile; fileRef = 7B02E7941E308B8E006FDE50 /* MoviePresenterTests.m */; };
		7B02E79A1E308D5A006FDE50 /* GenericCell.m in Sources */ = {isa = PBXBuildFile; fileRef = 7B02E7991E308D5A006FDE50 /* GenericCell.m */; };
		7B02E79B1E308D5A006FDE50 /* GenericCell.m in Sources */ = {isa = PBXBuildFile; fileRef = 7B02E7991E308D5A006FDE50 /* GenericCell.m */; };
		7B02E7A01E308D9B006FDE50 /* MovieCell.m in Sources */ = {isa = PBXBuildFile; fileRef = 7B02E79F1E308D9B006FDE50 /* MovieCell.m */; };
		7B02E7A11E308D9B006FDE50 /* MovieCell.m in Sources */ = {isa = PBXBuildFile; fileRef = 7B02E79F1E308D9B006FDE50 /* MovieCell.m */; };
		7B02E7A31E308F1C006FDE50 /* MovieCell.xib in Resources */ = {isa = PBXBuildFile; fileRef = 7B02E7A21E308F1C006FDE50 /* MovieCell.xib */; };
		7B02E7A41E308F1C006FDE50 /* MovieCell.xib in Resources */ = {isa = PBXBuildFile; fileRef = 7B02E7A21E308F1C006FDE50 /* MovieCell.xib */; };
		7B34D01C1E3050D000DF4013 /* main.m in Sources */ = {isa = PBXBuildFile; fileRef = 7B34D01B1E3050D000DF4013 /* main.m */; };
		7B34D01F1E3050D000DF4013 /* AppDelegate.m in Sources */ = {isa = PBXBuildFile; fileRef = 7B34D01E1E3050D000DF4013 /* AppDelegate.m */; };
		7B34D0251E3050D000DF4013 /* Main.storyboard in Resources */ = {isa = PBXBuildFile; fileRef = 7B34D0231E3050D000DF4013 /* Main.storyboard */; };
		7B34D0271E3050D000DF4013 /* Assets.xcassets in Resources */ = {isa = PBXBuildFile; fileRef = 7B34D0261E3050D000DF4013 /* Assets.xcassets */; };
		7B34D02A1E3050D000DF4013 /* LaunchScreen.storyboard in Resources */ = {isa = PBXBuildFile; fileRef = 7B34D0281E3050D000DF4013 /* LaunchScreen.storyboard */; };
		7B34D0411E30545500DF4013 /* MoviesViewController.m in Sources */ = {isa = PBXBuildFile; fileRef = 7B34D0401E30545500DF4013 /* MoviesViewController.m */; };
		7B34D0421E30545500DF4013 /* MoviesViewController.m in Sources */ = {isa = PBXBuildFile; fileRef = 7B34D0401E30545500DF4013 /* MoviesViewController.m */; };
		7B34D0481E307D4E00DF4013 /* MovieModelTests.m in Sources */ = {isa = PBXBuildFile; fileRef = 7B34D0471E307D4E00DF4013 /* MovieModelTests.m */; };
		C24F7FD99F6A1E0242AE810A /* libPods-PopularMoviesTests.a in Frameworks */ = {isa = PBXBuildFile; fileRef = 645C25674213263FDA69D423 /* libPods-PopularMoviesTests.a */; };
/* End PBXBuildFile section */

/* Begin PBXContainerItemProxy section */
		7B34D0311E3050D100DF4013 /* PBXContainerItemProxy */ = {
			isa = PBXContainerItemProxy;
			containerPortal = 7B34D00F1E3050D000DF4013 /* Project object */;
			proxyType = 1;
			remoteGlobalIDString = 7B34D0161E3050D000DF4013;
			remoteInfo = PopularMovies;
		};
/* End PBXContainerItemProxy section */

/* Begin PBXFileReference section */
		645C25674213263FDA69D423 /* libPods-PopularMoviesTests.a */ = {isa = PBXFileReference; explicitFileType = archive.ar; includeInIndex = 0; path = "libPods-PopularMoviesTests.a"; sourceTree = BUILT_PRODUCTS_DIR; };
		7B02E78A1E307FFB006FDE50 /* MovieModel.h */ = {isa = PBXFileReference; fileEncoding = 4; lastKnownFileType = sourcecode.c.h; name = MovieModel.h; path = Model/MovieModel.h; sourceTree = "<group>"; };
		7B02E78B1E307FFB006FDE50 /* MovieModel.m */ = {isa = PBXFileReference; fileEncoding = 4; lastKnownFileType = sourcecode.c.objc; name = MovieModel.m; path = Model/MovieModel.m; sourceTree = "<group>"; };
		7B02E78F1E308116006FDE50 /* MoviePresenter.h */ = {isa = PBXFileReference; fileEncoding = 4; lastKnownFileType = sourcecode.c.h; name = MoviePresenter.h; path = Presenter/MoviePresenter.h; sourceTree = "<group>"; };
		7B02E7901E308116006FDE50 /* MoviePresenter.m */ = {isa = PBXFileReference; fileEncoding = 4; lastKnownFileType = sourcecode.c.objc; name = MoviePresenter.m; path = Presenter/MoviePresenter.m; sourceTree = "<group>"; };
		7B02E7941E308B8E006FDE50 /* MoviePresenterTests.m */ = {isa = PBXFileReference; fileEncoding = 4; lastKnownFileType = sourcecode.c.objc; path = MoviePresenterTests.m; sourceTree = "<group>"; };
		7B02E7981E308D5A006FDE50 /* GenericCell.h */ = {isa = PBXFileReference; fileEncoding = 4; lastKnownFileType = sourcecode.c.h; name = GenericCell.h; path = View/UITableViewCell/GenericCell.h; sourceTree = "<group>"; };
		7B02E7991E308D5A006FDE50 /* GenericCell.m */ = {isa = PBXFileReference; fileEncoding = 4; lastKnownFileType = sourcecode.c.objc; name = GenericCell.m; path = View/UITableViewCell/GenericCell.m; sourceTree = "<group>"; };
		7B02E79E1E308D9B006FDE50 /* MovieCell.h */ = {isa = PBXFileReference; fileEncoding = 4; lastKnownFileType = sourcecode.c.h; name = MovieCell.h; path = View/UITableViewCell/MovieCell.h; sourceTree = "<group>"; };
		7B02E79F1E308D9B006FDE50 /* MovieCell.m */ = {isa = PBXFileReference; fileEncoding = 4; lastKnownFileType = sourcecode.c.objc; name = MovieCell.m; path = View/UITableViewCell/MovieCell.m; sourceTree = "<group>"; };
		7B02E7A21E308F1C006FDE50 /* MovieCell.xib */ = {isa = PBXFileReference; fileEncoding = 4; lastKnownFileType = file.xib; name = MovieCell.xib; path = View/UITableViewCell/MovieCell.xib; sourceTree = "<group>"; };
		7B34D0171E3050D000DF4013 /* PopularMovies.app */ = {isa = PBXFileReference; explicitFileType = wrapper.application; includeInIndex = 0; path = PopularMovies.app; sourceTree = BUILT_PRODUCTS_DIR; };
		7B34D01B1E3050D000DF4013 /* main.m */ = {isa = PBXFileReference; lastKnownFileType = sourcecode.c.objc; path = main.m; sourceTree = "<group>"; };
		7B34D01D1E3050D000DF4013 /* AppDelegate.h */ = {isa = PBXFileReference; lastKnownFileType = sourcecode.c.h; path = AppDelegate.h; sourceTree = "<group>"; };
		7B34D01E1E3050D000DF4013 /* AppDelegate.m */ = {isa = PBXFileReference; lastKnownFileType = sourcecode.c.objc; path = AppDelegate.m; sourceTree = "<group>"; };
		7B34D0241E3050D000DF4013 /* Base */ = {isa = PBXFileReference; lastKnownFileType = file.storyboard; name = Base; path = Base.lproj/Main.storyboard; sourceTree = "<group>"; };
		7B34D0261E3050D000DF4013 /* Assets.xcassets */ = {isa = PBXFileReference; lastKnownFileType = folder.assetcatalog; path = Assets.xcassets; sourceTree = "<group>"; };
		7B34D0291E3050D000DF4013 /* Base */ = {isa = PBXFileReference; lastKnownFileType = file.storyboard; name = Base; path = Base.lproj/LaunchScreen.storyboard; sourceTree = "<group>"; };
		7B34D02B1E3050D000DF4013 /* Info.plist */ = {isa = PBXFileReference; lastKnownFileType = text.plist.xml; path = Info.plist; sourceTree = "<group>"; };
		7B34D0301E3050D100DF4013 /* PopularMoviesTests.xctest */ = {isa = PBXFileReference; explicitFileType = wrapper.cfbundle; includeInIndex = 0; path = PopularMoviesTests.xctest; sourceTree = BUILT_PRODUCTS_DIR; };
		7B34D0361E3050D100DF4013 /* Info.plist */ = {isa = PBXFileReference; lastKnownFileType = text.plist.xml; path = Info.plist; sourceTree = "<group>"; };
		7B34D03F1E30545500DF4013 /* MoviesViewController.h */ = {isa = PBXFileReference; fileEncoding = 4; lastKnownFileType = sourcecode.c.h; name = MoviesViewController.h; path = Controller/MoviesViewController.h; sourceTree = "<group>"; };
		7B34D0401E30545500DF4013 /* MoviesViewController.m */ = {isa = PBXFileReference; fileEncoding = 4; lastKnownFileType = sourcecode.c.objc; name = MoviesViewController.m; path = Controller/MoviesViewController.m; sourceTree = "<group>"; };
		7B34D0471E307D4E00DF4013 /* MovieModelTests.m */ = {isa = PBXFileReference; fileEncoding = 4; lastKnownFileType = sourcecode.c.objc; path = MovieModelTests.m; sourceTree = "<group>"; };
		846B45888C633131D932E832 /* Pods-PopularMoviesTests.release.xcconfig */ = {isa = PBXFileReference; includeInIndex = 1; lastKnownFileType = text.xcconfig; name = "Pods-PopularMoviesTests.release.xcconfig"; path = "Pods/Target Support Files/Pods-PopularMoviesTests/Pods-PopularMoviesTests.release.xcconfig"; sourceTree = "<group>"; };
		A625A7C3F619E380D08B924E /* Pods-PopularMovies.release.xcconfig */ = {isa = PBXFileReference; includeInIndex = 1; lastKnownFileType = text.xcconfig; name = "Pods-PopularMovies.release.xcconfig"; path = "Pods/Target Support Files/Pods-PopularMovies/Pods-PopularMovies.release.xcconfig"; sourceTree = "<group>"; };
		B7053DA1F02C2960D44405F8 /* Pods-PopularMoviesTests.debug.xcconfig */ = {isa = PBXFileReference; includeInIndex = 1; lastKnownFileType = text.xcconfig; name = "Pods-PopularMoviesTests.debug.xcconfig"; path = "Pods/Target Support Files/Pods-PopularMoviesTests/Pods-PopularMoviesTests.debug.xcconfig"; sourceTree = "<group>"; };
		D37DD61EEB372FEDAD529DD4 /* libPods-PopularMovies.a */ = {isa = PBXFileReference; explicitFileType = archive.ar; includeInIndex = 0; path = "libPods-PopularMovies.a"; sourceTree = BUILT_PRODUCTS_DIR; };
		E144A238E6B8E2BBB8C9550A /* Pods-PopularMovies.debug.xcconfig */ = {isa = PBXFileReference; includeInIndex = 1; lastKnownFileType = text.xcconfig; name = "Pods-PopularMovies.debug.xcconfig"; path = "Pods/Target Support Files/Pods-PopularMovies/Pods-PopularMovies.debug.xcconfig"; sourceTree = "<group>"; };
/* End PBXFileReference section */

/* Begin PBXFrameworksBuildPhase section */
		7B34D0141E3050D000DF4013 /* Frameworks */ = {
			isa = PBXFrameworksBuildPhase;
			buildActionMask = 2147483647;
			files = (
				3A053F1DFB614AC7B9FD83FB /* libPods-PopularMovies.a in Frameworks */,
			);
			runOnlyForDeploymentPostprocessing = 0;
		};
		7B34D02D1E3050D100DF4013 /* Frameworks */ = {
			isa = PBXFrameworksBuildPhase;
			buildActionMask = 2147483647;
			files = (
				C24F7FD99F6A1E0242AE810A /* libPods-PopularMoviesTests.a in Frameworks */,
			);
			runOnlyForDeploymentPostprocessing = 0;
		};
/* End PBXFrameworksBuildPhase section */

/* Begin PBXGroup section */
		7B02E7891E307FE0006FDE50 /* Model */ = {
			isa = PBXGroup;
			children = (
				7B02E78A1E307FFB006FDE50 /* MovieModel.h */,
				7B02E78B1E307FFB006FDE50 /* MovieModel.m */,
			);
			name = Model;
			sourceTree = "<group>";
		};
		7B02E78E1E3080F7006FDE50 /* Presenter */ = {
			isa = PBXGroup;
			children = (
				7B02E78F1E308116006FDE50 /* MoviePresenter.h */,
				7B02E7901E308116006FDE50 /* MoviePresenter.m */,
			);
			name = Presenter;
			sourceTree = "<group>";
		};
		7B02E7931E308B78006FDE50 /* Presenter */ = {
			isa = PBXGroup;
			children = (
				7B02E7941E308B8E006FDE50 /* MoviePresenterTests.m */,
			);
			name = Presenter;
			sourceTree = "<group>";
		};
		7B02E7961E308D12006FDE50 /* View */ = {
			isa = PBXGroup;
			children = (
				7B02E7971E308D18006FDE50 /* UITableViewCell */,
			);
			name = View;
			sourceTree = "<group>";
		};
		7B02E7971E308D18006FDE50 /* UITableViewCell */ = {
			isa = PBXGroup;
			children = (
				7B02E79D1E308D87006FDE50 /* MovieCell */,
				7B02E79C1E308D5F006FDE50 /* GenericCell */,
			);
			name = UITableViewCell;
			sourceTree = "<group>";
		};
		7B02E79C1E308D5F006FDE50 /* GenericCell */ = {
			isa = PBXGroup;
			children = (
				7B02E7981E308D5A006FDE50 /* GenericCell.h */,
				7B02E7991E308D5A006FDE50 /* GenericCell.m */,
			);
			name = GenericCell;
			sourceTree = "<group>";
		};
		7B02E79D1E308D87006FDE50 /* MovieCell */ = {
			isa = PBXGroup;
			children = (
				7B02E79E1E308D9B006FDE50 /* MovieCell.h */,
				7B02E79F1E308D9B006FDE50 /* MovieCell.m */,
				7B02E7A21E308F1C006FDE50 /* MovieCell.xib */,
			);
			name = MovieCell;
			sourceTree = "<group>";
		};
		7B34D00E1E3050D000DF4013 = {
			isa = PBXGroup;
			children = (
				B39D76BCDE3A3F58CC7BBF03 /* Frameworks */,
				DF540EB8F7E4F8CF842B347A /* Pods */,
				7B34D0191E3050D000DF4013 /* PopularMovies */,
				7B34D0331E3050D100DF4013 /* PopularMoviesTests */,
				7B34D0181E3050D000DF4013 /* Products */,
			);
			sourceTree = "<group>";
		};
		7B34D0181E3050D000DF4013 /* Products */ = {
			isa = PBXGroup;
			children = (
				7B34D0171E3050D000DF4013 /* PopularMovies.app */,
				7B34D0301E3050D100DF4013 /* PopularMoviesTests.xctest */,
			);
			name = Products;
			sourceTree = "<group>";
		};
		7B34D0191E3050D000DF4013 /* PopularMovies */ = {
			isa = PBXGroup;
			children = (
				7B02E7961E308D12006FDE50 /* View */,
				7B34D0431E30545D00DF4013 /* AppDelegate */,
				7B34D0441E30546900DF4013 /* Controller */,
				7B02E7891E307FE0006FDE50 /* Model */,
				7B02E78E1E3080F7006FDE50 /* Presenter */,
				7B34D0451E30547900DF4013 /* Storyboard */,
				7B34D01A1E3050D000DF4013 /* Supporting Files */,
			);
			path = PopularMovies;
			sourceTree = "<group>";
		};
		7B34D01A1E3050D000DF4013 /* Supporting Files */ = {
			isa = PBXGroup;
			children = (
				7B34D0261E3050D000DF4013 /* Assets.xcassets */,
				7B34D02B1E3050D000DF4013 /* Info.plist */,
				7B34D01B1E3050D000DF4013 /* main.m */,
			);
			name = "Supporting Files";
			sourceTree = "<group>";
		};
		7B34D0331E3050D100DF4013 /* PopularMoviesTests */ = {
			isa = PBXGroup;
			children = (
				7B34D0361E3050D100DF4013 /* Info.plist */,
				7B34D0461E307D2800DF4013 /* Model */,
				7B02E7931E308B78006FDE50 /* Presenter */,
			);
			path = PopularMoviesTests;
			sourceTree = "<group>";
		};
		7B34D0431E30545D00DF4013 /* AppDelegate */ = {
			isa = PBXGroup;
			children = (
				7B34D01D1E3050D000DF4013 /* AppDelegate.h */,
				7B34D01E1E3050D000DF4013 /* AppDelegate.m */,
			);
			name = AppDelegate;
			sourceTree = "<group>";
		};
		7B34D0441E30546900DF4013 /* Controller */ = {
			isa = PBXGroup;
			children = (
				7B34D03F1E30545500DF4013 /* MoviesViewController.h */,
				7B34D0401E30545500DF4013 /* MoviesViewController.m */,
			);
			name = Controller;
			sourceTree = "<group>";
		};
		7B34D0451E30547900DF4013 /* Storyboard */ = {
			isa = PBXGroup;
			children = (
				7B34D0281E3050D000DF4013 /* LaunchScreen.storyboard */,
				7B34D0231E3050D000DF4013 /* Main.storyboard */,
			);
			name = Storyboard;
			sourceTree = "<group>";
		};
		7B34D0461E307D2800DF4013 /* Model */ = {
			isa = PBXGroup;
			children = (
				7B34D0471E307D4E00DF4013 /* MovieModelTests.m */,
			);
			name = Model;
			sourceTree = "<group>";
		};
		B39D76BCDE3A3F58CC7BBF03 /* Frameworks */ = {
			isa = PBXGroup;
			children = (
				D37DD61EEB372FEDAD529DD4 /* libPods-PopularMovies.a */,
				645C25674213263FDA69D423 /* libPods-PopularMoviesTests.a */,
			);
			name = Frameworks;
			sourceTree = "<group>";
		};
		DF540EB8F7E4F8CF842B347A /* Pods */ = {
			isa = PBXGroup;
			children = (
				E144A238E6B8E2BBB8C9550A /* Pods-PopularMovies.debug.xcconfig */,
				A625A7C3F619E380D08B924E /* Pods-PopularMovies.release.xcconfig */,
				B7053DA1F02C2960D44405F8 /* Pods-PopularMoviesTests.debug.xcconfig */,
				846B45888C633131D932E832 /* Pods-PopularMoviesTests.release.xcconfig */,
			);
			name = Pods;
			sourceTree = "<group>";
		};
/* End PBXGroup section */

/* Begin PBXNativeTarget section */
		7B34D0161E3050D000DF4013 /* PopularMovies */ = {
			isa = PBXNativeTarget;
			buildConfigurationList = 7B34D0391E3050D100DF4013 /* Build configuration list for PBXNativeTarget "PopularMovies" */;
			buildPhases = (
				7F2FEC251DDB703262E8E401 /* [CP] Check Pods Manifest.lock */,
				7B34D0131E3050D000DF4013 /* Sources */,
				7B34D0141E3050D000DF4013 /* Frameworks */,
				7B34D0151E3050D000DF4013 /* Resources */,
				A4BCB683A8B4AA31D561F9AD /* [CP] Embed Pods Frameworks */,
				D4C50F9AA9276F4FF4D7E0E4 /* [CP] Copy Pods Resources */,
			);
			buildRules = (
			);
			dependencies = (
			);
			name = PopularMovies;
			productName = PopularMovies;
			productReference = 7B34D0171E3050D000DF4013 /* PopularMovies.app */;
			productType = "com.apple.product-type.application";
		};
		7B34D02F1E3050D100DF4013 /* PopularMoviesTests */ = {
			isa = PBXNativeTarget;
			buildConfigurationList = 7B34D03C1E3050D100DF4013 /* Build configuration list for PBXNativeTarget "PopularMoviesTests" */;
			buildPhases = (
				3B38E6A70BB608D7D90BF331 /* [CP] Check Pods Manifest.lock */,
				7B34D02C1E3050D100DF4013 /* Sources */,
				7B34D02D1E3050D100DF4013 /* Frameworks */,
				7B34D02E1E3050D100DF4013 /* Resources */,
				227B8284991222155177C812 /* [CP] Embed Pods Frameworks */,
				3CF5C4FEE7797AE39ADEA7B0 /* [CP] Copy Pods Resources */,
			);
			buildRules = (
			);
			dependencies = (
				7B34D0321E3050D100DF4013 /* PBXTargetDependency */,
			);
			name = PopularMoviesTests;
			productName = PopularMoviesTests;
			productReference = 7B34D0301E3050D100DF4013 /* PopularMoviesTests.xctest */;
			productType = "com.apple.product-type.bundle.unit-test";
		};
/* End PBXNativeTarget section */

/* Begin PBXProject section */
		7B34D00F1E3050D000DF4013 /* Project object */ = {
			isa = PBXProject;
			attributes = {
				LastUpgradeCheck = 0820;
				ORGANIZATIONNAME = "Jhonathan Wyterlin";
				TargetAttributes = {
					7B34D0161E3050D000DF4013 = {
						CreatedOnToolsVersion = 8.2.1;
						DevelopmentTeam = 4SYCR8M2FN;
						ProvisioningStyle = Automatic;
					};
					7B34D02F1E3050D100DF4013 = {
						CreatedOnToolsVersion = 8.2.1;
						DevelopmentTeam = 4SYCR8M2FN;
						ProvisioningStyle = Automatic;
						TestTargetID = 7B34D0161E3050D000DF4013;
					};
				};
			};
			buildConfigurationList = 7B34D0121E3050D000DF4013 /* Build configuration list for PBXProject "PopularMovies" */;
			compatibilityVersion = "Xcode 3.2";
			developmentRegion = English;
			hasScannedForEncodings = 0;
			knownRegions = (
				en,
				Base,
			);
			mainGroup = 7B34D00E1E3050D000DF4013;
			productRefGroup = 7B34D0181E3050D000DF4013 /* Products */;
			projectDirPath = "";
			projectRoot = "";
			targets = (
				7B34D0161E3050D000DF4013 /* PopularMovies */,
				7B34D02F1E3050D100DF4013 /* PopularMoviesTests */,
			);
		};
/* End PBXProject section */

/* Begin PBXResourcesBuildPhase section */
		7B34D0151E3050D000DF4013 /* Resources */ = {
			isa = PBXResourcesBuildPhase;
			buildActionMask = 2147483647;
			files = (
				7B34D02A1E3050D000DF4013 /* LaunchScreen.storyboard in Resources */,
				7B34D0271E3050D000DF4013 /* Assets.xcassets in Resources */,
				7B02E7A31E308F1C006FDE50 /* MovieCell.xib in Resources */,
				7B34D0251E3050D000DF4013 /* Main.storyboard in Resources */,
			);
			runOnlyForDeploymentPostprocessing = 0;
		};
		7B34D02E1E3050D100DF4013 /* Resources */ = {
			isa = PBXResourcesBuildPhase;
			buildActionMask = 2147483647;
			files = (
				7B02E7A41E308F1C006FDE50 /* MovieCell.xib in Resources */,
			);
			runOnlyForDeploymentPostprocessing = 0;
		};
/* End PBXResourcesBuildPhase section */

/* Begin PBXShellScriptBuildPhase section */
		227B8284991222155177C812 /* [CP] Embed Pods Frameworks */ = {
			isa = PBXShellScriptBuildPhase;
			buildActionMask = 2147483647;
			files = (
			);
			inputPaths = (
			);
			name = "[CP] Embed Pods Frameworks";
			outputPaths = (
			);
			runOnlyForDeploymentPostprocessing = 0;
			shellPath = /bin/sh;
			shellScript = "\"${SRCROOT}/Pods/Target Support Files/Pods-PopularMoviesTests/Pods-PopularMoviesTests-frameworks.sh\"\n";
			showEnvVarsInLog = 0;
		};
		3B38E6A70BB608D7D90BF331 /* [CP] Check Pods Manifest.lock */ = {
			isa = PBXShellScriptBuildPhase;
			buildActionMask = 2147483647;
			files = (
			);
			inputPaths = (
			);
			name = "[CP] Check Pods Manifest.lock";
			outputPaths = (
			);
			runOnlyForDeploymentPostprocessing = 0;
			shellPath = /bin/sh;
			shellScript = "diff \"${PODS_ROOT}/../Podfile.lock\" \"${PODS_ROOT}/Manifest.lock\" > /dev/null\nif [ $? != 0 ] ; then\n    # print error to STDERR\n    echo \"error: The sandbox is not in sync with the Podfile.lock. Run 'pod install' or update your CocoaPods installation.\" >&2\n    exit 1\nfi\n";
			showEnvVarsInLog = 0;
		};
		3CF5C4FEE7797AE39ADEA7B0 /* [CP] Copy Pods Resources */ = {
			isa = PBXShellScriptBuildPhase;
			buildActionMask = 2147483647;
			files = (
			);
			inputPaths = (
			);
			name = "[CP] Copy Pods Resources";
			outputPaths = (
			);
			runOnlyForDeploymentPostprocessing = 0;
			shellPath = /bin/sh;
			shellScript = "\"${SRCROOT}/Pods/Target Support Files/Pods-PopularMoviesTests/Pods-PopularMoviesTests-resources.sh\"\n";
			showEnvVarsInLog = 0;
		};
		7F2FEC251DDB703262E8E401 /* [CP] Check Pods Manifest.lock */ = {
			isa = PBXShellScriptBuildPhase;
			buildActionMask = 2147483647;
			files = (
			);
			inputPaths = (
			);
			name = "[CP] Check Pods Manifest.lock";
			outputPaths = (
			);
			runOnlyForDeploymentPostprocessing = 0;
			shellPath = /bin/sh;
			shellScript = "diff \"${PODS_ROOT}/../Podfile.lock\" \"${PODS_ROOT}/Manifest.lock\" > /dev/null\nif [ $? != 0 ] ; then\n    # print error to STDERR\n    echo \"error: The sandbox is not in sync with the Podfile.lock. Run 'pod install' or update your CocoaPods installation.\" >&2\n    exit 1\nfi\n";
			showEnvVarsInLog = 0;
		};
		A4BCB683A8B4AA31D561F9AD /* [CP] Embed Pods Frameworks */ = {
			isa = PBXShellScriptBuildPhase;
			buildActionMask = 2147483647;
			files = (
			);
			inputPaths = (
			);
			name = "[CP] Embed Pods Frameworks";
			outputPaths = (
			);
			runOnlyForDeploymentPostprocessing = 0;
			shellPath = /bin/sh;
			shellScript = "\"${SRCROOT}/Pods/Target Support Files/Pods-PopularMovies/Pods-PopularMovies-frameworks.sh\"\n";
			showEnvVarsInLog = 0;
		};
		D4C50F9AA9276F4FF4D7E0E4 /* [CP] Copy Pods Resources */ = {
			isa = PBXShellScriptBuildPhase;
			buildActionMask = 2147483647;
			files = (
			);
			inputPaths = (
			);
			name = "[CP] Copy Pods Resources";
			outputPaths = (
			);
			runOnlyForDeploymentPostprocessing = 0;
			shellPath = /bin/sh;
			shellScript = "\"${SRCROOT}/Pods/Target Support Files/Pods-PopularMovies/Pods-PopularMovies-resources.sh\"\n";
			showEnvVarsInLog = 0;
		};
/* End PBXShellScriptBuildPhase section */

/* Begin PBXSourcesBuildPhase section */
		7B34D0131E3050D000DF4013 /* Sources */ = {
			isa = PBXSourcesBuildPhase;
			buildActionMask = 2147483647;
			files = (
				7B02E78C1E307FFB006FDE50 /* MovieModel.m in Sources */,
				7B34D01F1E3050D000DF4013 /* AppDelegate.m in Sources */,
				7B34D0411E30545500DF4013 /* MoviesViewController.m in Sources */,
				7B02E7A01E308D9B006FDE50 /* MovieCell.m in Sources */,
				7B34D01C1E3050D000DF4013 /* main.m in Sources */,
				7B02E7911E308116006FDE50 /* MoviePresenter.m in Sources */,
				7B02E79A1E308D5A006FDE50 /* GenericCell.m in Sources */,
			);
			runOnlyForDeploymentPostprocessing = 0;
		};
		7B34D02C1E3050D100DF4013 /* Sources */ = {
			isa = PBXSourcesBuildPhase;
			buildActionMask = 2147483647;
			files = (
				7B02E78D1E307FFB006FDE50 /* MovieModel.m in Sources */,
				7B02E7951E308B8E006FDE50 /* MoviePresenterTests.m in Sources */,
				7B34D0421E30545500DF4013 /* MoviesViewController.m in Sources */,
				7B02E7A11E308D9B006FDE50 /* MovieCell.m in Sources */,
				7B34D0481E307D4E00DF4013 /* MovieModelTests.m in Sources */,
				7B02E7921E308116006FDE50 /* MoviePresenter.m in Sources */,
				7B02E79B1E308D5A006FDE50 /* GenericCell.m in Sources */,
			);
			runOnlyForDeploymentPostprocessing = 0;
		};
/* End PBXSourcesBuildPhase section */

/* Begin PBXTargetDependency section */
		7B34D0321E3050D100DF4013 /* PBXTargetDependency */ = {
			isa = PBXTargetDependency;
			target = 7B34D0161E3050D000DF4013 /* PopularMovies */;
			targetProxy = 7B34D0311E3050D100DF4013 /* PBXContainerItemProxy */;
		};
/* End PBXTargetDependency section */

/* Begin PBXVariantGroup section */
		7B34D0231E3050D000DF4013 /* Main.storyboard */ = {
			isa = PBXVariantGroup;
			children = (
				7B34D0241E3050D000DF4013 /* Base */,
			);
			name = Main.storyboard;
			sourceTree = "<group>";
		};
		7B34D0281E3050D000DF4013 /* LaunchScreen.storyboard */ = {
			isa = PBXVariantGroup;
			children = (
				7B34D0291E3050D000DF4013 /* Base */,
			);
			name = LaunchScreen.storyboard;
			sourceTree = "<group>";
		};
/* End PBXVariantGroup section */

/* Begin XCBuildConfiguration section */
		7B34D0371E3050D100DF4013 /* Debug */ = {
			isa = XCBuildConfiguration;
			buildSettings = {
				ALWAYS_SEARCH_USER_PATHS = NO;
				CLANG_ANALYZER_NONNULL = YES;
				CLANG_CXX_LANGUAGE_STANDARD = "gnu++0x";
				CLANG_CXX_LIBRARY = "libc++";
				CLANG_ENABLE_MODULES = YES;
				CLANG_ENABLE_OBJC_ARC = YES;
				CLANG_WARN_BOOL_CONVERSION = YES;
				CLANG_WARN_CONSTANT_CONVERSION = YES;
				CLANG_WARN_DIRECT_OBJC_ISA_USAGE = YES_ERROR;
				CLANG_WARN_DOCUMENTATION_COMMENTS = YES;
				CLANG_WARN_EMPTY_BODY = YES;
				CLANG_WARN_ENUM_CONVERSION = YES;
				CLANG_WARN_INFINITE_RECURSION = YES;
				CLANG_WARN_INT_CONVERSION = YES;
				CLANG_WARN_OBJC_ROOT_CLASS = YES_ERROR;
				CLANG_WARN_SUSPICIOUS_MOVE = YES;
				CLANG_WARN_UNREACHABLE_CODE = YES;
				CLANG_WARN__DUPLICATE_METHOD_MATCH = YES;
				"CODE_SIGN_IDENTITY[sdk=iphoneos*]" = "iPhone Developer";
				COPY_PHASE_STRIP = NO;
				DEBUG_INFORMATION_FORMAT = dwarf;
				ENABLE_STRICT_OBJC_MSGSEND = YES;
				ENABLE_TESTABILITY = YES;
				GCC_C_LANGUAGE_STANDARD = gnu99;
				GCC_DYNAMIC_NO_PIC = NO;
				GCC_NO_COMMON_BLOCKS = YES;
				GCC_OPTIMIZATION_LEVEL = 0;
				GCC_PREPROCESSOR_DEFINITIONS = (
					"DEBUG=1",
					"$(inherited)",
				);
				GCC_WARN_64_TO_32_BIT_CONVERSION = YES;
				GCC_WARN_ABOUT_RETURN_TYPE = YES_ERROR;
				GCC_WARN_UNDECLARED_SELECTOR = YES;
				GCC_WARN_UNINITIALIZED_AUTOS = YES_AGGRESSIVE;
				GCC_WARN_UNUSED_FUNCTION = YES;
				GCC_WARN_UNUSED_VARIABLE = YES;
				IPHONEOS_DEPLOYMENT_TARGET = 10.2;
				MTL_ENABLE_DEBUG_INFO = YES;
				ONLY_ACTIVE_ARCH = YES;
				SDKROOT = iphoneos;
				TARGETED_DEVICE_FAMILY = "1,2";
			};
			name = Debug;
		};
		7B34D0381E3050D100DF4013 /* Release */ = {
			isa = XCBuildConfiguration;
			buildSettings = {
				ALWAYS_SEARCH_USER_PATHS = NO;
				CLANG_ANALYZER_NONNULL = YES;
				CLANG_CXX_LANGUAGE_STANDARD = "gnu++0x";
				CLANG_CXX_LIBRARY = "libc++";
				CLANG_ENABLE_MODULES = YES;
				CLANG_ENABLE_OBJC_ARC = YES;
				CLANG_WARN_BOOL_CONVERSION = YES;
				CLANG_WARN_CONSTANT_CONVERSION = YES;
				CLANG_WARN_DIRECT_OBJC_ISA_USAGE = YES_ERROR;
				CLANG_WARN_DOCUMENTATION_COMMENTS = YES;
				CLANG_WARN_EMPTY_BODY = YES;
				CLANG_WARN_ENUM_CONVERSION = YES;
				CLANG_WARN_INFINITE_RECURSION = YES;
				CLANG_WARN_INT_CONVERSION = YES;
				CLANG_WARN_OBJC_ROOT_CLASS = YES_ERROR;
				CLANG_WARN_SUSPICIOUS_MOVE = YES;
				CLANG_WARN_UNREACHABLE_CODE = YES;
				CLANG_WARN__DUPLICATE_METHOD_MATCH = YES;
				"CODE_SIGN_IDENTITY[sdk=iphoneos*]" = "iPhone Developer";
				COPY_PHASE_STRIP = NO;
				DEBUG_INFORMATION_FORMAT = "dwarf-with-dsym";
				ENABLE_NS_ASSERTIONS = NO;
				ENABLE_STRICT_OBJC_MSGSEND = YES;
				GCC_C_LANGUAGE_STANDARD = gnu99;
				GCC_NO_COMMON_BLOCKS = YES;
				GCC_WARN_64_TO_32_BIT_CONVERSION = YES;
				GCC_WARN_ABOUT_RETURN_TYPE = YES_ERROR;
				GCC_WARN_UNDECLARED_SELECTOR = YES;
				GCC_WARN_UNINITIALIZED_AUTOS = YES_AGGRESSIVE;
				GCC_WARN_UNUSED_FUNCTION = YES;
				GCC_WARN_UNUSED_VARIABLE = YES;
				IPHONEOS_DEPLOYMENT_TARGET = 10.2;
				MTL_ENABLE_DEBUG_INFO = NO;
				SDKROOT = iphoneos;
				TARGETED_DEVICE_FAMILY = "1,2";
				VALIDATE_PRODUCT = YES;
			};
			name = Release;
		};
		7B34D03A1E3050D100DF4013 /* Debug */ = {
			isa = XCBuildConfiguration;
			baseConfigurationReference = E144A238E6B8E2BBB8C9550A /* Pods-PopularMovies.debug.xcconfig */;
			buildSettings = {
				ASSETCATALOG_COMPILER_APPICON_NAME = AppIcon;
				DEVELOPMENT_TEAM = 4SYCR8M2FN;
				INFOPLIST_FILE = PopularMovies/Info.plist;
				LD_RUNPATH_SEARCH_PATHS = "$(inherited) @executable_path/Frameworks";
				PRODUCT_BUNDLE_IDENTIFIER = com.jhonathanwyterlin.PopularMovies;
				PRODUCT_NAME = "$(TARGET_NAME)";
			};
			name = Debug;
		};
		7B34D03B1E3050D100DF4013 /* Release */ = {
			isa = XCBuildConfiguration;
			baseConfigurationReference = A625A7C3F619E380D08B924E /* Pods-PopularMovies.release.xcconfig */;
			buildSettings = {
				ASSETCATALOG_COMPILER_APPICON_NAME = AppIcon;
				DEVELOPMENT_TEAM = 4SYCR8M2FN;
				INFOPLIST_FILE = PopularMovies/Info.plist;
				LD_RUNPATH_SEARCH_PATHS = "$(inherited) @executable_path/Frameworks";
				PRODUCT_BUNDLE_IDENTIFIER = com.jhonathanwyterlin.PopularMovies;
				PRODUCT_NAME = "$(TARGET_NAME)";
			};
			name = Release;
		};
		7B34D03D1E3050D100DF4013 /* Debug */ = {
			isa = XCBuildConfiguration;
			baseConfigurationReference = B7053DA1F02C2960D44405F8 /* Pods-PopularMoviesTests.debug.xcconfig */;
			buildSettings = {
				BUNDLE_LOADER = "$(TEST_HOST)";
				DEVELOPMENT_TEAM = 4SYCR8M2FN;
				INFOPLIST_FILE = PopularMoviesTests/Info.plist;
				LD_RUNPATH_SEARCH_PATHS = "$(inherited) @executable_path/Frameworks @loader_path/Frameworks";
				PRODUCT_BUNDLE_IDENTIFIER = com.jhonathanwyterlin.PopularMoviesTests;
				PRODUCT_NAME = "$(TARGET_NAME)";
				TEST_HOST = "$(BUILT_PRODUCTS_DIR)/PopularMovies.app/PopularMovies";
			};
			name = Debug;
		};
		7B34D03E1E3050D100DF4013 /* Release */ = {
			isa = XCBuildConfiguration;
			baseConfigurationReference = 846B45888C633131D932E832 /* Pods-PopularMoviesTests.release.xcconfig */;
			buildSettings = {
				BUNDLE_LOADER = "$(TEST_HOST)";
				DEVELOPMENT_TEAM = 4SYCR8M2FN;
				INFOPLIST_FILE = PopularMoviesTests/Info.plist;
				LD_RUNPATH_SEARCH_PATHS = "$(inherited) @executable_path/Frameworks @loader_path/Frameworks";
				PRODUCT_BUNDLE_IDENTIFIER = com.jhonathanwyterlin.PopularMoviesTests;
				PRODUCT_NAME = "$(TARGET_NAME)";
				TEST_HOST = "$(BUILT_PRODUCTS_DIR)/PopularMovies.app/PopularMovies";
			};
			name = Release;
		};
/* End XCBuildConfiguration section */

/* Begin XCConfigurationList section */
		7B34D0121E3050D000DF4013 /* Build configuration list for PBXProject "PopularMovies" */ = {
			isa = XCConfigurationList;
			buildConfigurations = (
				7B34D0371E3050D100DF4013 /* Debug */,
				7B34D0381E3050D100DF4013 /* Release */,
			);
			defaultConfigurationIsVisible = 0;
			defaultConfigurationName = Release;
		};
		7B34D0391E3050D100DF4013 /* Build configuration list for PBXNativeTarget "PopularMovies" */ = {
			isa = XCConfigurationList;
			buildConfigurations = (
				7B34D03A1E3050D100DF4013 /* Debug */,
				7B34D03B1E3050D100DF4013 /* Release */,
			);
			defaultConfigurationIsVisible = 0;
			defaultConfigurationName = Release;
		};
		7B34D03C1E3050D100DF4013 /* Build configuration list for PBXNativeTarget "PopularMoviesTests" */ = {
			isa = XCConfigurationList;
			buildConfigurations = (
				7B34D03D1E3050D100DF4013 /* Debug */,
				7B34D03E1E3050D100DF4013 /* Release */,
			);
			defaultConfigurationIsVisible = 0;
			defaultConfigurationName = Release;
		};
/* End XCConfigurationList section */
	};
	rootObject = 7B34D00F1E3050D000DF4013 /* Project object */;
}
